
Microsoft Visual Studio Solution File, Format Version 12.00
# Visual Studio 15
VisualStudioVersion = 15.0.28307.271
MinimumVisualStudioVersion = 10.0.40219.1
Project("{FAE04EC0-301F-11D3-BF4B-00C04F79EFBC}") = "RefriuniversalProyect", "RefriuniversalProyect\RefriuniversalProyect.csproj", "{148A338B-DA5D-448E-A2D1-312707A116CD}"
EndProject
Global
	GlobalSection(SolutionConfigurationPlatforms) = preSolution
		Debug|Any CPU = Debug|Any CPU
		Release|Any CPU = Release|Any CPU
	EndGlobalSection
	GlobalSection(ProjectConfigurationPlatforms) = postSolution
		{148A338B-DA5D-448E-A2D1-312707A116CD}.Debug|Any CPU.ActiveCfg = Debug|Any CPU
		{148A338B-DA5D-448E-A2D1-312707A116CD}.Debug|Any CPU.Build.0 = Debug|Any CPU
		{148A338B-DA5D-448E-A2D1-312707A116CD}.Release|Any CPU.ActiveCfg = Release|Any CPU
		{148A338B-DA5D-448E-A2D1-312707A116CD}.Release|Any CPU.Build.0 = Release|Any CPU
	EndGlobalSection
	GlobalSection(SolutionProperties) = preSolution
		HideSolutionNode = FALSE
	EndGlobalSection
	GlobalSection(ExtensibilityGlobals) = postSolution
		SolutionGuid = {38380386-5004-4C44-9CE9-F710754E6346}
	EndGlobalSection
EndGlobal
